{
  "name": "ort-action",
  "version": "1.0.0",
  "lockfileVersion": 1,
  "requires": true,
  "dependencies": {
    "@types/blue-tape": {
      "version": "0.1.33",
      "resolved": "https://registry.npmjs.org/@types/blue-tape/-/blue-tape-0.1.33.tgz",
      "integrity": "sha512-l5cQcLM3aPh55bBQ4geWQ8hZ4Ew+s4RvyhMaBpgW3aJ2HUfRgwd8ENKrk/utC4Hz1dJAiehyIa4vN6emxBMaog==",
      "requires": {
        "@types/node": "*",
        "@types/tape": "*"
      }
    },
    "@types/lodash": {
      "version": "4.14.119",
      "resolved": "https://registry.npmjs.org/@types/lodash/-/lodash-4.14.119.tgz",
      "integrity": "sha512-Z3TNyBL8Vd/M9D9Ms2S3LmFq2sSMzahodD6rCS9V2N44HUMINb75jNkSuwAx7eo2ufqTdfOdtGQpNbieUjPQmw=="
    },
    "@types/node": {
      "version": "12.12.17",
      "resolved": "https://registry.npmjs.org/@types/node/-/node-12.12.17.tgz",
      "integrity": "sha512-Is+l3mcHvs47sKy+afn2O1rV4ldZFU7W8101cNlOd+MRbjM4Onida8jSZnJdTe/0Pcf25g9BNIUsuugmE6puHA=="
    },
    "@types/tape": {
      "version": "4.2.33",
      "resolved": "https://registry.npmjs.org/@types/tape/-/tape-4.2.33.tgz",
      "integrity": "sha512-ltfyuY5BIkYlGuQfwqzTDT8f0q8Z5DGppvUnWGs39oqDmMd6/UWhNpX3ZMh/VYvfxs3rFGHMrLC/eGRdLiDGuw==",
      "requires": {
        "@types/node": "*"
      }
    },
    "cli-table-2-json": {
      "version": "1.0.13",
      "resolved": "https://registry.npmjs.org/cli-table-2-json/-/cli-table-2-json-1.0.13.tgz",
      "integrity": "sha512-CpUj9dubfuIZSEezwUPycAJqM2dlATyyRUyBkfGeK2KNfrqK3XrdaBohMt0XlkEvsZyDfUEmPWCNvUO+a/7Wsw==",
      "requires": {
        "@types/blue-tape": "^0.1.30",
        "@types/lodash": "4.14.119",
        "lodash": "^4.17.15"
      }
    },
    "docker-cli-js": {
      "version": "2.6.0",
      "resolved": "https://registry.npmjs.org/docker-cli-js/-/docker-cli-js-2.6.0.tgz",
      "integrity": "sha512-tep7VU3SGuydGRI2VMXyeDNRBaKmFx80YQZOTFoeyYvLlhE0nmYgqr4sP7D4M8+zGb0d8OqR0VwkhIEpR0bXsw==",
      "requires": {
        "cli-table-2-json": "1.0.13",
        "dockermachine-cli-js": "3.0.5",
        "lodash": "^4.17.15",
        "nodeify-ts": "1.0.6"
      }
    },
    "dockermachine-cli-js": {
      "version": "3.0.5",
      "resolved": "https://registry.npmjs.org/dockermachine-cli-js/-/dockermachine-cli-js-3.0.5.tgz",
      "integrity": "sha512-oV9RRKGvWrvsGl8JW9TWKpjBJVGxn/1qMvhqwPJiOPfRES0+lrq/Q8Wzixb6qinuXPVBhlWqhXb/Oxrh6Vuf/g==",
      "requires": {
        "cli-table-2-json": "1.0.13",
        "nodeify-ts": "1.0.6"
      }
    },
    "lodash": {
      "version": "4.17.15",
      "resolved": "https://registry.npmjs.org/lodash/-/lodash-4.17.15.tgz",
      "integrity": "sha512-8xOcRHvCjnocdS5cpwXQXVzmmh5e5+saE2QGoeQmbKmRS6J3VQppPOIt0MnmE+4xlZoumy0GPG0D0MVIQbNA1A=="
    },
    "nodeify-ts": {
      "version": "1.0.6",
      "resolved": "https://registry.npmjs.org/nodeify-ts/-/nodeify-ts-1.0.6.tgz",
      "integrity": "sha512-jq+8sqVG1aLqy5maMTceL8NUJ1CvarWztlxvrYh3G0aao9BsVeoVmVedUnrUSBLetP7oLIAJrPrw4+iIo7v3GA=="
    }
  }
}
